
Microsoft Visual Studio Solution File, Format Version 12.00
# Visual Studio Version 16
VisualStudioVersion = 16.0.28922.388
MinimumVisualStudioVersion = 10.0.40219.1
Project("{FAE04EC0-301F-11D3-BF4B-00C04F79EFBC}") = "NewPlatform.Flexberry.Analytics.Abstractions", "Abstractions\NewPlatform.Flexberry.Analytics.Abstractions.csproj", "{A4850BD2-3CE6-4BB1-B0AD-7E26A9AE7F16}"
EndProject
Project("{FAE04EC0-301F-11D3-BF4B-00C04F79EFBC}") = "NewPlatform.Flexberry.Analytics.Pentaho", "Pentaho\NewPlatform.Flexberry.Analytics.Pentaho.csproj", "{9E941213-D6A7-4063-B77F-FA2CD6B58F14}"
EndProject
Project("{FAE04EC0-301F-11D3-BF4B-00C04F79EFBC}") = "NewPlatform.Flexberry.Analytics.WebApiSample", "WebApiSample\NewPlatform.Flexberry.Analytics.WebApiSample.csproj", "{EBDA6828-35E2-4C0E-90EA-1DA1ADFA2B24}"
EndProject
Project("{FAE04EC0-301F-11D3-BF4B-00C04F79EFBC}") = "NewPlatform.Flexberry.Analytics.WebAPI", "WebAPI\NewPlatform.Flexberry.Analytics.WebAPI.csproj", "{F4479CFC-AF4E-46A3-A720-23B3EDDAB100}"
EndProject
Project("{2150E333-8FDC-42A3-9474-1A3956D46DE8}") = "OpenSource", "OpenSource", "{CA99A007-C6B7-4841-ABB4-E6392458321F}"
	ProjectSection(SolutionItems) = preProject
		..\.gitattributes = ..\.gitattributes
		..\.gitignore = ..\.gitignore
		..\.travis.yml = ..\.travis.yml
		..\CHANGELOG.md = ..\CHANGELOG.md
		..\LICENSE = ..\LICENSE
		..\README.md = ..\README.md
	EndProjectSection
EndProject
Global
	GlobalSection(SolutionConfigurationPlatforms) = preSolution
		Debug|Any CPU = Debug|Any CPU
		Release|Any CPU = Release|Any CPU
	EndGlobalSection
	GlobalSection(ProjectConfigurationPlatforms) = postSolution
		{A4850BD2-3CE6-4BB1-B0AD-7E26A9AE7F16}.Debug|Any CPU.ActiveCfg = Debug|Any CPU
		{A4850BD2-3CE6-4BB1-B0AD-7E26A9AE7F16}.Debug|Any CPU.Build.0 = Debug|Any CPU
		{A4850BD2-3CE6-4BB1-B0AD-7E26A9AE7F16}.Release|Any CPU.ActiveCfg = Release|Any CPU
		{A4850BD2-3CE6-4BB1-B0AD-7E26A9AE7F16}.Release|Any CPU.Build.0 = Release|Any CPU
		{9E941213-D6A7-4063-B77F-FA2CD6B58F14}.Debug|Any CPU.ActiveCfg = Debug|Any CPU
		{9E941213-D6A7-4063-B77F-FA2CD6B58F14}.Debug|Any CPU.Build.0 = Debug|Any CPU
		{9E941213-D6A7-4063-B77F-FA2CD6B58F14}.Release|Any CPU.ActiveCfg = Release|Any CPU
		{9E941213-D6A7-4063-B77F-FA2CD6B58F14}.Release|Any CPU.Build.0 = Release|Any CPU
		{EBDA6828-35E2-4C0E-90EA-1DA1ADFA2B24}.Debug|Any CPU.ActiveCfg = Debug|Any CPU
		{EBDA6828-35E2-4C0E-90EA-1DA1ADFA2B24}.Debug|Any CPU.Build.0 = Debug|Any CPU
		{EBDA6828-35E2-4C0E-90EA-1DA1ADFA2B24}.Release|Any CPU.ActiveCfg = Release|Any CPU
		{EBDA6828-35E2-4C0E-90EA-1DA1ADFA2B24}.Release|Any CPU.Build.0 = Release|Any CPU
		{F4479CFC-AF4E-46A3-A720-23B3EDDAB100}.Debug|Any CPU.ActiveCfg = Debug|Any CPU
		{F4479CFC-AF4E-46A3-A720-23B3EDDAB100}.Debug|Any CPU.Build.0 = Debug|Any CPU
		{F4479CFC-AF4E-46A3-A720-23B3EDDAB100}.Release|Any CPU.ActiveCfg = Release|Any CPU
		{F4479CFC-AF4E-46A3-A720-23B3EDDAB100}.Release|Any CPU.Build.0 = Release|Any CPU
	EndGlobalSection
	GlobalSection(SolutionProperties) = preSolution
		HideSolutionNode = FALSE
	EndGlobalSection
	GlobalSection(ExtensibilityGlobals) = postSolution
		EnterpriseLibraryConfigurationToolBinariesPath = packages\Unity.2.1.505.2\lib\NET35;packages\Unity.Interception.2.1.505.0\lib\NET35
		SolutionGuid = {0BE8CBBC-0C08-48B4-8A22-CDA83B509B0B}
	EndGlobalSection
EndGlobal
